
Microsoft Visual Studio Solution File, Format Version 12.00
# Visual Studio Version 17
VisualStudioVersion = 17.0.31903.59
MinimumVisualStudioVersion = 10.0.40219.1
Project("{2150E333-8FDC-42A3-9474-1A3956D46DE8}") = "src", "src", "{827E0CD3-B72D-47B6-A68D-7590B98EB39B}"
EndProject
Project("{FAE04EC0-301F-11D3-BF4B-00C04F79EFBC}") = "Cubit.Core", "src\Cubit.Core\Cubit.Core.csproj", "{B24489B6-47A2-4E91-8D91-40942BB662FE}"
EndProject
Project("{FAE04EC0-301F-11D3-BF4B-00C04F79EFBC}") = "Cubit.Sample", "hosts\Cubit.Sample\Cubit.Sample.csproj", "{D1F19085-904F-4223-A0F8-B42455095E52}"
EndProject
Project("{FAE04EC0-301F-11D3-BF4B-00C04F79EFBC}") = "Cubit.Sample.Android", "hosts\Cubit.Sample.Android\Cubit.Sample.Android.csproj", "{29AE9FDB-21B0-4096-B136-EAC9C740B5C6}"
EndProject
Project("{2150E333-8FDC-42A3-9474-1A3956D46DE8}") = "tools", "tools", "{07C2787E-EAC7-C090-1BA3-A61EC2A24D84}"
EndProject
Project("{FAE04EC0-301F-11D3-BF4B-00C04F79EFBC}") = "Cubit.Tool", "tools\Cubit.Tool\Cubit.Tool.csproj", "{6247C995-5F6E-4034-A414-69D9AF360B77}"
EndProject
Project("{FAE04EC0-301F-11D3-BF4B-00C04F79EFBC}") = "Cubit.Mcp", "src\Cubit.Mcp\Cubit.Mcp.csproj", "{6D10AC8E-1B9C-408C-908D-D83302B01001}"
EndProject
Project("{FAE04EC0-301F-11D3-BF4B-00C04F79EFBC}") = "Cubit.Editor", "src\Cubit.Editor\Cubit.Editor.csproj", "{661A96E8-E81B-49AB-936E-89A6BA9050E0}"
EndProject
Project("{FAE04EC0-301F-11D3-BF4B-00C04F79EFBC}") = "Cubit.Physics", "src\Cubit.Physics\Cubit.Physics.csproj", "{C6A3CB43-8940-4884-A210-F785D85E44B9}"
EndProject
Project("{FAE04EC0-301F-11D3-BF4B-00C04F79EFBC}") = "Cubit.Animation", "src\Cubit.Animation\Cubit.Animation.csproj", "{A3C0A5C4-9D05-4D62-8AF4-4D9ED0D8F4B2}"
EndProject
Project("{FAE04EC0-301F-11D3-BF4B-00C04F79EFBC}") = "Cubit.Voxel", "src\Cubit.Voxel\Cubit.Voxel.csproj", "{2839CEF6-9AA5-45D9-A35B-3DB12392D33D}"
EndProject
Project("{FAE04EC0-301F-11D3-BF4B-00C04F79EFBC}") = "Cubit.Content", "src\Cubit.Content\Cubit.Content.csproj", "{9B183F93-0C84-4C65-996F-E4D539759F8A}"
EndProject
Project("{FAE04EC0-301F-11D3-BF4B-00C04F79EFBC}") = "Cubit.Audio", "src\Cubit.Audio\Cubit.Audio.csproj", "{B490F4BC-C76E-4B70-A35E-212E7D21D7C1}"
EndProject
Project("{FAE04EC0-301F-11D3-BF4B-00C04F79EFBC}") = "Cubit.Scripting", "src\Cubit.Scripting\Cubit.Scripting.csproj", "{D4A2F4F0-9A67-4E0A-A2E9-6A4C9F4A01D7}"
EndProject
Project("{FAE04EC0-301F-11D3-BF4B-00C04F79EFBC}") = "Cubit.Audio.Windows", "src\Cubit.Audio.Windows\Cubit.Audio.Windows.csproj", "{880CB8C4-0252-4BE5-8CC6-0ACE466D0DB2}"
EndProject
Project("{FAE04EC0-301F-11D3-BF4B-00C04F79EFBC}") = "Cubit.Audio.Android", "src\Cubit.Audio.Android\Cubit.Audio.Android.csproj", "{06B9F892-5CC4-4574-BCA9-FA3AD8A849A7}"
EndProject
Project("{FAE04EC0-301F-11D3-BF4B-00C04F79EFBC}") = "Cubit.Mcp.OfficialModules", "src\Cubit.Mcp.OfficialModules\Cubit.Mcp.OfficialModules.csproj", "{F75E7D52-2B49-4FC6-9A19-34416E6766B5}"
EndProject
Project("{FAE04EC0-301F-11D3-BF4B-00C04F79EFBC}") = "Cubit.Mcp.Audio", "src\Cubit.Mcp.Audio\Cubit.Mcp.Audio.csproj", "{F45B5A5D-3148-41C0-99F1-7EE2E983E58A}"
EndProject
Project("{FAE04EC0-301F-11D3-BF4B-00C04F79EFBC}") = "Cubit.Mcp.Physics", "src\Cubit.Mcp.Physics\Cubit.Mcp.Physics.csproj", "{FF4934AB-0DF9-4C84-81B7-054B7DCB5C5D}"
EndProject
Project("{FAE04EC0-301F-11D3-BF4B-00C04F79EFBC}") = "Cubit.Mcp.Animation", "src\Cubit.Mcp.Animation\Cubit.Mcp.Animation.csproj", "{F7095E1F-B20E-4717-A36B-9B187E21C535}"
EndProject
Project("{FAE04EC0-301F-11D3-BF4B-00C04F79EFBC}") = "Cubit.Mcp.Ecs", "src\Cubit.Mcp.Ecs\Cubit.Mcp.Ecs.csproj", "{8B63DA06-4013-4B14-B461-221A80E0A59A}"
EndProject
Project("{FAE04EC0-301F-11D3-BF4B-00C04F79EFBC}") = "Cubit.Mcp.Content", "src\Cubit.Mcp.Content\Cubit.Mcp.Content.csproj", "{42D024F6-F6FE-4D4A-9DD2-09465BD1E561}"
EndProject
Project("{FAE04EC0-301F-11D3-BF4B-00C04F79EFBC}") = "Cubit.Mcp.Scripting", "src\Cubit.Mcp.Scripting\Cubit.Mcp.Scripting.csproj", "{5740B3B1-FF83-4C23-BF1B-51E4B97F2F3F}"
EndProject
Project("{FAE04EC0-301F-11D3-BF4B-00C04F79EFBC}") = "Cubit.Mcp.Voxel", "src\Cubit.Mcp.Voxel\Cubit.Mcp.Voxel.csproj", "{683110F0-173F-4294-9C85-03628ED26AB4}"
EndProject
Project("{FAE04EC0-301F-11D3-BF4B-00C04F79EFBC}") = "Cubit.ImGui", "src\Cubit.ImGui\Cubit.ImGui.csproj", "{6A293FE1-49CF-4ECD-8146-1F4C0F97CF67}"
EndProject
Project("{FAE04EC0-301F-11D3-BF4B-00C04F79EFBC}") = "Cubit.Editor.Contracts", "src\Cubit.Editor.Contracts\Cubit.Editor.Contracts.csproj", "{9E4C9E17-3F79-4F6F-9C4E-1F239D2E8B2A}"
EndProject
Global
	GlobalSection(SolutionConfigurationPlatforms) = preSolution
		Debug|Any CPU = Debug|Any CPU
		Debug|x64 = Debug|x64
		Debug|x86 = Debug|x86
		Release|Any CPU = Release|Any CPU
		Release|x64 = Release|x64
		Release|x86 = Release|x86
	EndGlobalSection
	GlobalSection(ProjectConfigurationPlatforms) = postSolution
		{B24489B6-47A2-4E91-8D91-40942BB662FE}.Debug|Any CPU.ActiveCfg = Debug|Any CPU
		{B24489B6-47A2-4E91-8D91-40942BB662FE}.Debug|Any CPU.Build.0 = Debug|Any CPU
		{B24489B6-47A2-4E91-8D91-40942BB662FE}.Debug|x64.ActiveCfg = Debug|Any CPU
		{B24489B6-47A2-4E91-8D91-40942BB662FE}.Debug|x64.Build.0 = Debug|Any CPU
		{B24489B6-47A2-4E91-8D91-40942BB662FE}.Debug|x86.ActiveCfg = Debug|Any CPU
		{B24489B6-47A2-4E91-8D91-40942BB662FE}.Debug|x86.Build.0 = Debug|Any CPU
		{B24489B6-47A2-4E91-8D91-40942BB662FE}.Release|Any CPU.ActiveCfg = Release|Any CPU
		{B24489B6-47A2-4E91-8D91-40942BB662FE}.Release|Any CPU.Build.0 = Release|Any CPU
		{B24489B6-47A2-4E91-8D91-40942BB662FE}.Release|x64.ActiveCfg = Release|Any CPU
		{B24489B6-47A2-4E91-8D91-40942BB662FE}.Release|x64.Build.0 = Release|Any CPU
		{B24489B6-47A2-4E91-8D91-40942BB662FE}.Release|x86.ActiveCfg = Release|Any CPU
		{B24489B6-47A2-4E91-8D91-40942BB662FE}.Release|x86.Build.0 = Release|Any CPU
		{D1F19085-904F-4223-A0F8-B42455095E52}.Debug|Any CPU.ActiveCfg = Debug|Any CPU
		{D1F19085-904F-4223-A0F8-B42455095E52}.Debug|Any CPU.Build.0 = Debug|Any CPU
		{D1F19085-904F-4223-A0F8-B42455095E52}.Debug|x64.ActiveCfg = Debug|Any CPU
		{D1F19085-904F-4223-A0F8-B42455095E52}.Debug|x64.Build.0 = Debug|Any CPU
		{D1F19085-904F-4223-A0F8-B42455095E52}.Debug|x86.ActiveCfg = Debug|Any CPU
		{D1F19085-904F-4223-A0F8-B42455095E52}.Debug|x86.Build.0 = Debug|Any CPU
		{D1F19085-904F-4223-A0F8-B42455095E52}.Release|Any CPU.ActiveCfg = Release|Any CPU
		{D1F19085-904F-4223-A0F8-B42455095E52}.Release|Any CPU.Build.0 = Release|Any CPU
		{D1F19085-904F-4223-A0F8-B42455095E52}.Release|x64.ActiveCfg = Release|Any CPU
		{D1F19085-904F-4223-A0F8-B42455095E52}.Release|x64.Build.0 = Release|Any CPU
		{D1F19085-904F-4223-A0F8-B42455095E52}.Release|x86.ActiveCfg = Release|Any CPU
		{D1F19085-904F-4223-A0F8-B42455095E52}.Release|x86.Build.0 = Release|Any CPU
		{29AE9FDB-21B0-4096-B136-EAC9C740B5C6}.Debug|Any CPU.ActiveCfg = Debug|Any CPU
		{29AE9FDB-21B0-4096-B136-EAC9C740B5C6}.Debug|Any CPU.Build.0 = Debug|Any CPU
		{29AE9FDB-21B0-4096-B136-EAC9C740B5C6}.Debug|x64.ActiveCfg = Debug|Any CPU
		{29AE9FDB-21B0-4096-B136-EAC9C740B5C6}.Debug|x64.Build.0 = Debug|Any CPU
		{29AE9FDB-21B0-4096-B136-EAC9C740B5C6}.Debug|x86.ActiveCfg = Debug|Any CPU
		{29AE9FDB-21B0-4096-B136-EAC9C740B5C6}.Debug|x86.Build.0 = Debug|Any CPU
		{29AE9FDB-21B0-4096-B136-EAC9C740B5C6}.Release|Any CPU.ActiveCfg = Release|Any CPU
		{29AE9FDB-21B0-4096-B136-EAC9C740B5C6}.Release|Any CPU.Build.0 = Release|Any CPU
		{29AE9FDB-21B0-4096-B136-EAC9C740B5C6}.Release|x64.ActiveCfg = Release|Any CPU
		{29AE9FDB-21B0-4096-B136-EAC9C740B5C6}.Release|x64.Build.0 = Release|Any CPU
		{29AE9FDB-21B0-4096-B136-EAC9C740B5C6}.Release|x86.ActiveCfg = Release|Any CPU
		{29AE9FDB-21B0-4096-B136-EAC9C740B5C6}.Release|x86.Build.0 = Release|Any CPU
		{6247C995-5F6E-4034-A414-69D9AF360B77}.Debug|Any CPU.ActiveCfg = Debug|Any CPU
		{6247C995-5F6E-4034-A414-69D9AF360B77}.Debug|Any CPU.Build.0 = Debug|Any CPU
		{6247C995-5F6E-4034-A414-69D9AF360B77}.Debug|x64.ActiveCfg = Debug|Any CPU
		{6247C995-5F6E-4034-A414-69D9AF360B77}.Debug|x64.Build.0 = Debug|Any CPU
		{6247C995-5F6E-4034-A414-69D9AF360B77}.Debug|x86.ActiveCfg = Debug|Any CPU
		{6247C995-5F6E-4034-A414-69D9AF360B77}.Debug|x86.Build.0 = Debug|Any CPU
		{6247C995-5F6E-4034-A414-69D9AF360B77}.Release|Any CPU.ActiveCfg = Release|Any CPU
		{6247C995-5F6E-4034-A414-69D9AF360B77}.Release|Any CPU.Build.0 = Release|Any CPU
		{6247C995-5F6E-4034-A414-69D9AF360B77}.Release|x64.ActiveCfg = Release|Any CPU
		{6247C995-5F6E-4034-A414-69D9AF360B77}.Release|x64.Build.0 = Release|Any CPU
		{6247C995-5F6E-4034-A414-69D9AF360B77}.Release|x86.ActiveCfg = Release|Any CPU
		{6247C995-5F6E-4034-A414-69D9AF360B77}.Release|x86.Build.0 = Release|Any CPU
		{6D10AC8E-1B9C-408C-908D-D83302B01001}.Debug|Any CPU.ActiveCfg = Debug|Any CPU
		{6D10AC8E-1B9C-408C-908D-D83302B01001}.Debug|Any CPU.Build.0 = Debug|Any CPU
		{6D10AC8E-1B9C-408C-908D-D83302B01001}.Debug|x64.ActiveCfg = Debug|Any CPU
		{6D10AC8E-1B9C-408C-908D-D83302B01001}.Debug|x64.Build.0 = Debug|Any CPU
		{6D10AC8E-1B9C-408C-908D-D83302B01001}.Debug|x86.ActiveCfg = Debug|Any CPU
		{6D10AC8E-1B9C-408C-908D-D83302B01001}.Debug|x86.Build.0 = Debug|Any CPU
		{6D10AC8E-1B9C-408C-908D-D83302B01001}.Release|Any CPU.ActiveCfg = Release|Any CPU
		{6D10AC8E-1B9C-408C-908D-D83302B01001}.Release|Any CPU.Build.0 = Release|Any CPU
		{6D10AC8E-1B9C-408C-908D-D83302B01001}.Release|x64.ActiveCfg = Release|Any CPU
		{6D10AC8E-1B9C-408C-908D-D83302B01001}.Release|x64.Build.0 = Release|Any CPU
		{6D10AC8E-1B9C-408C-908D-D83302B01001}.Release|x86.ActiveCfg = Release|Any CPU
		{6D10AC8E-1B9C-408C-908D-D83302B01001}.Release|x86.Build.0 = Release|Any CPU
		{661A96E8-E81B-49AB-936E-89A6BA9050E0}.Debug|Any CPU.ActiveCfg = Debug|Any CPU
		{661A96E8-E81B-49AB-936E-89A6BA9050E0}.Debug|Any CPU.Build.0 = Debug|Any CPU
		{661A96E8-E81B-49AB-936E-89A6BA9050E0}.Debug|x64.ActiveCfg = Debug|Any CPU
		{661A96E8-E81B-49AB-936E-89A6BA9050E0}.Debug|x64.Build.0 = Debug|Any CPU
		{661A96E8-E81B-49AB-936E-89A6BA9050E0}.Debug|x86.ActiveCfg = Debug|Any CPU
		{661A96E8-E81B-49AB-936E-89A6BA9050E0}.Debug|x86.Build.0 = Debug|Any CPU
		{661A96E8-E81B-49AB-936E-89A6BA9050E0}.Release|Any CPU.ActiveCfg = Release|Any CPU
		{661A96E8-E81B-49AB-936E-89A6BA9050E0}.Release|Any CPU.Build.0 = Release|Any CPU
		{661A96E8-E81B-49AB-936E-89A6BA9050E0}.Release|x64.ActiveCfg = Release|Any CPU
		{661A96E8-E81B-49AB-936E-89A6BA9050E0}.Release|x64.Build.0 = Release|Any CPU
		{661A96E8-E81B-49AB-936E-89A6BA9050E0}.Release|x86.ActiveCfg = Release|Any CPU
		{661A96E8-E81B-49AB-936E-89A6BA9050E0}.Release|x86.Build.0 = Release|Any CPU
		{C6A3CB43-8940-4884-A210-F785D85E44B9}.Debug|Any CPU.ActiveCfg = Debug|Any CPU
		{C6A3CB43-8940-4884-A210-F785D85E44B9}.Debug|Any CPU.Build.0 = Debug|Any CPU
		{C6A3CB43-8940-4884-A210-F785D85E44B9}.Debug|x64.ActiveCfg = Debug|Any CPU
		{C6A3CB43-8940-4884-A210-F785D85E44B9}.Debug|x64.Build.0 = Debug|Any CPU
		{C6A3CB43-8940-4884-A210-F785D85E44B9}.Debug|x86.ActiveCfg = Debug|Any CPU
		{C6A3CB43-8940-4884-A210-F785D85E44B9}.Debug|x86.Build.0 = Debug|Any CPU
		{C6A3CB43-8940-4884-A210-F785D85E44B9}.Release|Any CPU.ActiveCfg = Release|Any CPU
		{C6A3CB43-8940-4884-A210-F785D85E44B9}.Release|Any CPU.Build.0 = Release|Any CPU
		{C6A3CB43-8940-4884-A210-F785D85E44B9}.Release|x64.ActiveCfg = Release|Any CPU
		{C6A3CB43-8940-4884-A210-F785D85E44B9}.Release|x64.Build.0 = Release|Any CPU
		{C6A3CB43-8940-4884-A210-F785D85E44B9}.Release|x86.ActiveCfg = Release|Any CPU
		{C6A3CB43-8940-4884-A210-F785D85E44B9}.Release|x86.Build.0 = Release|Any CPU
		{A3C0A5C4-9D05-4D62-8AF4-4D9ED0D8F4B2}.Debug|Any CPU.ActiveCfg = Debug|Any CPU
		{A3C0A5C4-9D05-4D62-8AF4-4D9ED0D8F4B2}.Debug|Any CPU.Build.0 = Debug|Any CPU
		{A3C0A5C4-9D05-4D62-8AF4-4D9ED0D8F4B2}.Debug|x64.ActiveCfg = Debug|Any CPU
		{A3C0A5C4-9D05-4D62-8AF4-4D9ED0D8F4B2}.Debug|x64.Build.0 = Debug|Any CPU
		{A3C0A5C4-9D05-4D62-8AF4-4D9ED0D8F4B2}.Debug|x86.ActiveCfg = Debug|Any CPU
		{A3C0A5C4-9D05-4D62-8AF4-4D9ED0D8F4B2}.Debug|x86.Build.0 = Debug|Any CPU
		{A3C0A5C4-9D05-4D62-8AF4-4D9ED0D8F4B2}.Release|Any CPU.ActiveCfg = Release|Any CPU
		{A3C0A5C4-9D05-4D62-8AF4-4D9ED0D8F4B2}.Release|Any CPU.Build.0 = Release|Any CPU
		{A3C0A5C4-9D05-4D62-8AF4-4D9ED0D8F4B2}.Release|x64.ActiveCfg = Release|Any CPU
		{A3C0A5C4-9D05-4D62-8AF4-4D9ED0D8F4B2}.Release|x64.Build.0 = Release|Any CPU
		{A3C0A5C4-9D05-4D62-8AF4-4D9ED0D8F4B2}.Release|x86.ActiveCfg = Release|Any CPU
		{A3C0A5C4-9D05-4D62-8AF4-4D9ED0D8F4B2}.Release|x86.Build.0 = Release|Any CPU
		{2839CEF6-9AA5-45D9-A35B-3DB12392D33D}.Debug|Any CPU.ActiveCfg = Debug|Any CPU
		{2839CEF6-9AA5-45D9-A35B-3DB12392D33D}.Debug|Any CPU.Build.0 = Debug|Any CPU
		{2839CEF6-9AA5-45D9-A35B-3DB12392D33D}.Debug|x64.ActiveCfg = Debug|Any CPU
		{2839CEF6-9AA5-45D9-A35B-3DB12392D33D}.Debug|x64.Build.0 = Debug|Any CPU
		{2839CEF6-9AA5-45D9-A35B-3DB12392D33D}.Debug|x86.ActiveCfg = Debug|Any CPU
		{2839CEF6-9AA5-45D9-A35B-3DB12392D33D}.Debug|x86.Build.0 = Debug|Any CPU
		{2839CEF6-9AA5-45D9-A35B-3DB12392D33D}.Release|Any CPU.ActiveCfg = Release|Any CPU
		{2839CEF6-9AA5-45D9-A35B-3DB12392D33D}.Release|Any CPU.Build.0 = Release|Any CPU
		{2839CEF6-9AA5-45D9-A35B-3DB12392D33D}.Release|x64.ActiveCfg = Release|Any CPU
		{2839CEF6-9AA5-45D9-A35B-3DB12392D33D}.Release|x64.Build.0 = Release|Any CPU
		{2839CEF6-9AA5-45D9-A35B-3DB12392D33D}.Release|x86.ActiveCfg = Release|Any CPU
		{2839CEF6-9AA5-45D9-A35B-3DB12392D33D}.Release|x86.Build.0 = Release|Any CPU
		{9B183F93-0C84-4C65-996F-E4D539759F8A}.Debug|Any CPU.ActiveCfg = Debug|Any CPU
		{9B183F93-0C84-4C65-996F-E4D539759F8A}.Debug|Any CPU.Build.0 = Debug|Any CPU
		{9B183F93-0C84-4C65-996F-E4D539759F8A}.Debug|x64.ActiveCfg = Debug|Any CPU
		{9B183F93-0C84-4C65-996F-E4D539759F8A}.Debug|x64.Build.0 = Debug|Any CPU
		{9B183F93-0C84-4C65-996F-E4D539759F8A}.Debug|x86.ActiveCfg = Debug|Any CPU
		{9B183F93-0C84-4C65-996F-E4D539759F8A}.Debug|x86.Build.0 = Debug|Any CPU
		{9B183F93-0C84-4C65-996F-E4D539759F8A}.Release|Any CPU.ActiveCfg = Release|Any CPU
		{9B183F93-0C84-4C65-996F-E4D539759F8A}.Release|Any CPU.Build.0 = Release|Any CPU
		{9B183F93-0C84-4C65-996F-E4D539759F8A}.Release|x64.ActiveCfg = Release|Any CPU
		{9B183F93-0C84-4C65-996F-E4D539759F8A}.Release|x64.Build.0 = Release|Any CPU
		{9B183F93-0C84-4C65-996F-E4D539759F8A}.Release|x86.ActiveCfg = Release|Any CPU
		{9B183F93-0C84-4C65-996F-E4D539759F8A}.Release|x86.Build.0 = Release|Any CPU
		{B490F4BC-C76E-4B70-A35E-212E7D21D7C1}.Debug|Any CPU.ActiveCfg = Debug|Any CPU
		{B490F4BC-C76E-4B70-A35E-212E7D21D7C1}.Debug|Any CPU.Build.0 = Debug|Any CPU
		{B490F4BC-C76E-4B70-A35E-212E7D21D7C1}.Debug|x64.ActiveCfg = Debug|Any CPU
		{B490F4BC-C76E-4B70-A35E-212E7D21D7C1}.Debug|x64.Build.0 = Debug|Any CPU
		{B490F4BC-C76E-4B70-A35E-212E7D21D7C1}.Debug|x86.ActiveCfg = Debug|Any CPU
		{B490F4BC-C76E-4B70-A35E-212E7D21D7C1}.Debug|x86.Build.0 = Debug|Any CPU
		{B490F4BC-C76E-4B70-A35E-212E7D21D7C1}.Release|Any CPU.ActiveCfg = Release|Any CPU
		{B490F4BC-C76E-4B70-A35E-212E7D21D7C1}.Release|Any CPU.Build.0 = Release|Any CPU
		{B490F4BC-C76E-4B70-A35E-212E7D21D7C1}.Release|x64.ActiveCfg = Release|Any CPU
		{B490F4BC-C76E-4B70-A35E-212E7D21D7C1}.Release|x64.Build.0 = Release|Any CPU
		{B490F4BC-C76E-4B70-A35E-212E7D21D7C1}.Release|x86.ActiveCfg = Release|Any CPU
		{B490F4BC-C76E-4B70-A35E-212E7D21D7C1}.Release|x86.Build.0 = Release|Any CPU
		{D4A2F4F0-9A67-4E0A-A2E9-6A4C9F4A01D7}.Debug|Any CPU.ActiveCfg = Debug|Any CPU
		{D4A2F4F0-9A67-4E0A-A2E9-6A4C9F4A01D7}.Debug|Any CPU.Build.0 = Debug|Any CPU
		{D4A2F4F0-9A67-4E0A-A2E9-6A4C9F4A01D7}.Debug|x64.ActiveCfg = Debug|Any CPU
		{D4A2F4F0-9A67-4E0A-A2E9-6A4C9F4A01D7}.Debug|x64.Build.0 = Debug|Any CPU
		{D4A2F4F0-9A67-4E0A-A2E9-6A4C9F4A01D7}.Debug|x86.ActiveCfg = Debug|Any CPU
		{D4A2F4F0-9A67-4E0A-A2E9-6A4C9F4A01D7}.Debug|x86.Build.0 = Debug|Any CPU
		{D4A2F4F0-9A67-4E0A-A2E9-6A4C9F4A01D7}.Release|Any CPU.ActiveCfg = Release|Any CPU
		{D4A2F4F0-9A67-4E0A-A2E9-6A4C9F4A01D7}.Release|Any CPU.Build.0 = Release|Any CPU
		{D4A2F4F0-9A67-4E0A-A2E9-6A4C9F4A01D7}.Release|x64.ActiveCfg = Release|Any CPU
		{D4A2F4F0-9A67-4E0A-A2E9-6A4C9F4A01D7}.Release|x64.Build.0 = Release|Any CPU
		{D4A2F4F0-9A67-4E0A-A2E9-6A4C9F4A01D7}.Release|x86.ActiveCfg = Release|Any CPU
		{D4A2F4F0-9A67-4E0A-A2E9-6A4C9F4A01D7}.Release|x86.Build.0 = Release|Any CPU
		{880CB8C4-0252-4BE5-8CC6-0ACE466D0DB2}.Debug|Any CPU.ActiveCfg = Debug|Any CPU
		{880CB8C4-0252-4BE5-8CC6-0ACE466D0DB2}.Debug|Any CPU.Build.0 = Debug|Any CPU
		{880CB8C4-0252-4BE5-8CC6-0ACE466D0DB2}.Debug|x64.ActiveCfg = Debug|Any CPU
		{880CB8C4-0252-4BE5-8CC6-0ACE466D0DB2}.Debug|x64.Build.0 = Debug|Any CPU
		{880CB8C4-0252-4BE5-8CC6-0ACE466D0DB2}.Debug|x86.ActiveCfg = Debug|Any CPU
		{880CB8C4-0252-4BE5-8CC6-0ACE466D0DB2}.Debug|x86.Build.0 = Debug|Any CPU
		{880CB8C4-0252-4BE5-8CC6-0ACE466D0DB2}.Release|Any CPU.ActiveCfg = Release|Any CPU
		{880CB8C4-0252-4BE5-8CC6-0ACE466D0DB2}.Release|Any CPU.Build.0 = Release|Any CPU
		{880CB8C4-0252-4BE5-8CC6-0ACE466D0DB2}.Release|x64.ActiveCfg = Release|Any CPU
		{880CB8C4-0252-4BE5-8CC6-0ACE466D0DB2}.Release|x64.Build.0 = Release|Any CPU
		{880CB8C4-0252-4BE5-8CC6-0ACE466D0DB2}.Release|x86.ActiveCfg = Release|Any CPU
		{880CB8C4-0252-4BE5-8CC6-0ACE466D0DB2}.Release|x86.Build.0 = Release|Any CPU
		{06B9F892-5CC4-4574-BCA9-FA3AD8A849A7}.Debug|Any CPU.ActiveCfg = Debug|Any CPU
		{06B9F892-5CC4-4574-BCA9-FA3AD8A849A7}.Debug|Any CPU.Build.0 = Debug|Any CPU
		{06B9F892-5CC4-4574-BCA9-FA3AD8A849A7}.Debug|x64.ActiveCfg = Debug|Any CPU
		{06B9F892-5CC4-4574-BCA9-FA3AD8A849A7}.Debug|x64.Build.0 = Debug|Any CPU
		{06B9F892-5CC4-4574-BCA9-FA3AD8A849A7}.Debug|x86.ActiveCfg = Debug|Any CPU
		{06B9F892-5CC4-4574-BCA9-FA3AD8A849A7}.Debug|x86.Build.0 = Debug|Any CPU
		{06B9F892-5CC4-4574-BCA9-FA3AD8A849A7}.Release|Any CPU.ActiveCfg = Release|Any CPU
		{06B9F892-5CC4-4574-BCA9-FA3AD8A849A7}.Release|Any CPU.Build.0 = Release|Any CPU
		{06B9F892-5CC4-4574-BCA9-FA3AD8A849A7}.Release|x64.ActiveCfg = Release|Any CPU
		{06B9F892-5CC4-4574-BCA9-FA3AD8A849A7}.Release|x64.Build.0 = Release|Any CPU
		{06B9F892-5CC4-4574-BCA9-FA3AD8A849A7}.Release|x86.ActiveCfg = Release|Any CPU
		{06B9F892-5CC4-4574-BCA9-FA3AD8A849A7}.Release|x86.Build.0 = Release|Any CPU
		{F75E7D52-2B49-4FC6-9A19-34416E6766B5}.Debug|Any CPU.ActiveCfg = Debug|Any CPU
		{F75E7D52-2B49-4FC6-9A19-34416E6766B5}.Debug|Any CPU.Build.0 = Debug|Any CPU
		{F75E7D52-2B49-4FC6-9A19-34416E6766B5}.Debug|x64.ActiveCfg = Debug|Any CPU
		{F75E7D52-2B49-4FC6-9A19-34416E6766B5}.Debug|x64.Build.0 = Debug|Any CPU
		{F75E7D52-2B49-4FC6-9A19-34416E6766B5}.Debug|x86.ActiveCfg = Debug|Any CPU
		{F75E7D52-2B49-4FC6-9A19-34416E6766B5}.Debug|x86.Build.0 = Debug|Any CPU
		{F75E7D52-2B49-4FC6-9A19-34416E6766B5}.Release|Any CPU.ActiveCfg = Release|Any CPU
		{F75E7D52-2B49-4FC6-9A19-34416E6766B5}.Release|Any CPU.Build.0 = Release|Any CPU
		{F75E7D52-2B49-4FC6-9A19-34416E6766B5}.Release|x64.ActiveCfg = Release|Any CPU
		{F75E7D52-2B49-4FC6-9A19-34416E6766B5}.Release|x64.Build.0 = Release|Any CPU
		{F75E7D52-2B49-4FC6-9A19-34416E6766B5}.Release|x86.ActiveCfg = Release|Any CPU
		{F75E7D52-2B49-4FC6-9A19-34416E6766B5}.Release|x86.Build.0 = Release|Any CPU
		{F45B5A5D-3148-41C0-99F1-7EE2E983E58A}.Debug|Any CPU.ActiveCfg = Debug|Any CPU
		{F45B5A5D-3148-41C0-99F1-7EE2E983E58A}.Debug|Any CPU.Build.0 = Debug|Any CPU
		{F45B5A5D-3148-41C0-99F1-7EE2E983E58A}.Debug|x64.ActiveCfg = Debug|Any CPU
		{F45B5A5D-3148-41C0-99F1-7EE2E983E58A}.Debug|x64.Build.0 = Debug|Any CPU
		{F45B5A5D-3148-41C0-99F1-7EE2E983E58A}.Debug|x86.ActiveCfg = Debug|Any CPU
		{F45B5A5D-3148-41C0-99F1-7EE2E983E58A}.Debug|x86.Build.0 = Debug|Any CPU
		{F45B5A5D-3148-41C0-99F1-7EE2E983E58A}.Release|Any CPU.ActiveCfg = Release|Any CPU
		{F45B5A5D-3148-41C0-99F1-7EE2E983E58A}.Release|Any CPU.Build.0 = Release|Any CPU
		{F45B5A5D-3148-41C0-99F1-7EE2E983E58A}.Release|x64.ActiveCfg = Release|Any CPU
		{F45B5A5D-3148-41C0-99F1-7EE2E983E58A}.Release|x64.Build.0 = Release|Any CPU
		{F45B5A5D-3148-41C0-99F1-7EE2E983E58A}.Release|x86.ActiveCfg = Release|Any CPU
		{F45B5A5D-3148-41C0-99F1-7EE2E983E58A}.Release|x86.Build.0 = Release|Any CPU
		{FF4934AB-0DF9-4C84-81B7-054B7DCB5C5D}.Debug|Any CPU.ActiveCfg = Debug|Any CPU
		{FF4934AB-0DF9-4C84-81B7-054B7DCB5C5D}.Debug|Any CPU.Build.0 = Debug|Any CPU
		{FF4934AB-0DF9-4C84-81B7-054B7DCB5C5D}.Debug|x64.ActiveCfg = Debug|Any CPU
		{FF4934AB-0DF9-4C84-81B7-054B7DCB5C5D}.Debug|x64.Build.0 = Debug|Any CPU
		{FF4934AB-0DF9-4C84-81B7-054B7DCB5C5D}.Debug|x86.ActiveCfg = Debug|Any CPU
		{FF4934AB-0DF9-4C84-81B7-054B7DCB5C5D}.Debug|x86.Build.0 = Debug|Any CPU
		{FF4934AB-0DF9-4C84-81B7-054B7DCB5C5D}.Release|Any CPU.ActiveCfg = Release|Any CPU
		{FF4934AB-0DF9-4C84-81B7-054B7DCB5C5D}.Release|Any CPU.Build.0 = Release|Any CPU
		{FF4934AB-0DF9-4C84-81B7-054B7DCB5C5D}.Release|x64.ActiveCfg = Release|Any CPU
		{FF4934AB-0DF9-4C84-81B7-054B7DCB5C5D}.Release|x64.Build.0 = Release|Any CPU
		{FF4934AB-0DF9-4C84-81B7-054B7DCB5C5D}.Release|x86.ActiveCfg = Release|Any CPU
		{FF4934AB-0DF9-4C84-81B7-054B7DCB5C5D}.Release|x86.Build.0 = Release|Any CPU
		{F7095E1F-B20E-4717-A36B-9B187E21C535}.Debug|Any CPU.ActiveCfg = Debug|Any CPU
		{F7095E1F-B20E-4717-A36B-9B187E21C535}.Debug|Any CPU.Build.0 = Debug|Any CPU
		{F7095E1F-B20E-4717-A36B-9B187E21C535}.Debug|x64.ActiveCfg = Debug|Any CPU
		{F7095E1F-B20E-4717-A36B-9B187E21C535}.Debug|x64.Build.0 = Debug|Any CPU
		{F7095E1F-B20E-4717-A36B-9B187E21C535}.Debug|x86.ActiveCfg = Debug|Any CPU
		{F7095E1F-B20E-4717-A36B-9B187E21C535}.Debug|x86.Build.0 = Debug|Any CPU
		{F7095E1F-B20E-4717-A36B-9B187E21C535}.Release|Any CPU.ActiveCfg = Release|Any CPU
		{F7095E1F-B20E-4717-A36B-9B187E21C535}.Release|Any CPU.Build.0 = Release|Any CPU
		{F7095E1F-B20E-4717-A36B-9B187E21C535}.Release|x64.ActiveCfg = Release|Any CPU
		{F7095E1F-B20E-4717-A36B-9B187E21C535}.Release|x64.Build.0 = Release|Any CPU
		{F7095E1F-B20E-4717-A36B-9B187E21C535}.Release|x86.ActiveCfg = Release|Any CPU
		{F7095E1F-B20E-4717-A36B-9B187E21C535}.Release|x86.Build.0 = Release|Any CPU
		{8B63DA06-4013-4B14-B461-221A80E0A59A}.Debug|Any CPU.ActiveCfg = Debug|Any CPU
		{8B63DA06-4013-4B14-B461-221A80E0A59A}.Debug|Any CPU.Build.0 = Debug|Any CPU
		{8B63DA06-4013-4B14-B461-221A80E0A59A}.Debug|x64.ActiveCfg = Debug|Any CPU
		{8B63DA06-4013-4B14-B461-221A80E0A59A}.Debug|x64.Build.0 = Debug|Any CPU
		{8B63DA06-4013-4B14-B461-221A80E0A59A}.Debug|x86.ActiveCfg = Debug|Any CPU
		{8B63DA06-4013-4B14-B461-221A80E0A59A}.Debug|x86.Build.0 = Debug|Any CPU
		{8B63DA06-4013-4B14-B461-221A80E0A59A}.Release|Any CPU.ActiveCfg = Release|Any CPU
		{8B63DA06-4013-4B14-B461-221A80E0A59A}.Release|Any CPU.Build.0 = Release|Any CPU
		{8B63DA06-4013-4B14-B461-221A80E0A59A}.Release|x64.ActiveCfg = Release|Any CPU
		{8B63DA06-4013-4B14-B461-221A80E0A59A}.Release|x64.Build.0 = Release|Any CPU
		{8B63DA06-4013-4B14-B461-221A80E0A59A}.Release|x86.ActiveCfg = Release|Any CPU
		{8B63DA06-4013-4B14-B461-221A80E0A59A}.Release|x86.Build.0 = Release|Any CPU
		{42D024F6-F6FE-4D4A-9DD2-09465BD1E561}.Debug|Any CPU.ActiveCfg = Debug|Any CPU
		{42D024F6-F6FE-4D4A-9DD2-09465BD1E561}.Debug|Any CPU.Build.0 = Debug|Any CPU
		{42D024F6-F6FE-4D4A-9DD2-09465BD1E561}.Debug|x64.ActiveCfg = Debug|Any CPU
		{42D024F6-F6FE-4D4A-9DD2-09465BD1E561}.Debug|x64.Build.0 = Debug|Any CPU
		{42D024F6-F6FE-4D4A-9DD2-09465BD1E561}.Debug|x86.ActiveCfg = Debug|Any CPU
		{42D024F6-F6FE-4D4A-9DD2-09465BD1E561}.Debug|x86.Build.0 = Debug|Any CPU
		{42D024F6-F6FE-4D4A-9DD2-09465BD1E561}.Release|Any CPU.ActiveCfg = Release|Any CPU
		{42D024F6-F6FE-4D4A-9DD2-09465BD1E561}.Release|Any CPU.Build.0 = Release|Any CPU
		{42D024F6-F6FE-4D4A-9DD2-09465BD1E561}.Release|x64.ActiveCfg = Release|Any CPU
		{42D024F6-F6FE-4D4A-9DD2-09465BD1E561}.Release|x64.Build.0 = Release|Any CPU
		{42D024F6-F6FE-4D4A-9DD2-09465BD1E561}.Release|x86.ActiveCfg = Release|Any CPU
		{42D024F6-F6FE-4D4A-9DD2-09465BD1E561}.Release|x86.Build.0 = Release|Any CPU
		{5740B3B1-FF83-4C23-BF1B-51E4B97F2F3F}.Debug|Any CPU.ActiveCfg = Debug|Any CPU
		{5740B3B1-FF83-4C23-BF1B-51E4B97F2F3F}.Debug|Any CPU.Build.0 = Debug|Any CPU
		{5740B3B1-FF83-4C23-BF1B-51E4B97F2F3F}.Debug|x64.ActiveCfg = Debug|Any CPU
		{5740B3B1-FF83-4C23-BF1B-51E4B97F2F3F}.Debug|x64.Build.0 = Debug|Any CPU
		{5740B3B1-FF83-4C23-BF1B-51E4B97F2F3F}.Debug|x86.ActiveCfg = Debug|Any CPU
		{5740B3B1-FF83-4C23-BF1B-51E4B97F2F3F}.Debug|x86.Build.0 = Debug|Any CPU
		{5740B3B1-FF83-4C23-BF1B-51E4B97F2F3F}.Release|Any CPU.ActiveCfg = Release|Any CPU
		{5740B3B1-FF83-4C23-BF1B-51E4B97F2F3F}.Release|Any CPU.Build.0 = Release|Any CPU
		{5740B3B1-FF83-4C23-BF1B-51E4B97F2F3F}.Release|x64.ActiveCfg = Release|Any CPU
		{5740B3B1-FF83-4C23-BF1B-51E4B97F2F3F}.Release|x64.Build.0 = Release|Any CPU
		{5740B3B1-FF83-4C23-BF1B-51E4B97F2F3F}.Release|x86.ActiveCfg = Release|Any CPU
		{5740B3B1-FF83-4C23-BF1B-51E4B97F2F3F}.Release|x86.Build.0 = Release|Any CPU
		{683110F0-173F-4294-9C85-03628ED26AB4}.Debug|Any CPU.ActiveCfg = Debug|Any CPU
		{683110F0-173F-4294-9C85-03628ED26AB4}.Debug|Any CPU.Build.0 = Debug|Any CPU
		{683110F0-173F-4294-9C85-03628ED26AB4}.Debug|x64.ActiveCfg = Debug|Any CPU
		{683110F0-173F-4294-9C85-03628ED26AB4}.Debug|x64.Build.0 = Debug|Any CPU
		{683110F0-173F-4294-9C85-03628ED26AB4}.Debug|x86.ActiveCfg = Debug|Any CPU
		{683110F0-173F-4294-9C85-03628ED26AB4}.Debug|x86.Build.0 = Debug|Any CPU
		{683110F0-173F-4294-9C85-03628ED26AB4}.Release|Any CPU.ActiveCfg = Release|Any CPU
		{683110F0-173F-4294-9C85-03628ED26AB4}.Release|Any CPU.Build.0 = Release|Any CPU
		{683110F0-173F-4294-9C85-03628ED26AB4}.Release|x64.ActiveCfg = Release|Any CPU
		{683110F0-173F-4294-9C85-03628ED26AB4}.Release|x64.Build.0 = Release|Any CPU
		{683110F0-173F-4294-9C85-03628ED26AB4}.Release|x86.ActiveCfg = Release|Any CPU
		{683110F0-173F-4294-9C85-03628ED26AB4}.Release|x86.Build.0 = Release|Any CPU
		{6A293FE1-49CF-4ECD-8146-1F4C0F97CF67}.Debug|Any CPU.ActiveCfg = Debug|Any CPU
		{6A293FE1-49CF-4ECD-8146-1F4C0F97CF67}.Debug|Any CPU.Build.0 = Debug|Any CPU
		{6A293FE1-49CF-4ECD-8146-1F4C0F97CF67}.Debug|x64.ActiveCfg = Debug|Any CPU
		{6A293FE1-49CF-4ECD-8146-1F4C0F97CF67}.Debug|x64.Build.0 = Debug|Any CPU
		{6A293FE1-49CF-4ECD-8146-1F4C0F97CF67}.Debug|x86.ActiveCfg = Debug|Any CPU
		{6A293FE1-49CF-4ECD-8146-1F4C0F97CF67}.Debug|x86.Build.0 = Debug|Any CPU
		{6A293FE1-49CF-4ECD-8146-1F4C0F97CF67}.Release|Any CPU.ActiveCfg = Release|Any CPU
		{6A293FE1-49CF-4ECD-8146-1F4C0F97CF67}.Release|Any CPU.Build.0 = Release|Any CPU
		{6A293FE1-49CF-4ECD-8146-1F4C0F97CF67}.Release|x64.ActiveCfg = Release|Any CPU
		{6A293FE1-49CF-4ECD-8146-1F4C0F97CF67}.Release|x64.Build.0 = Release|Any CPU
		{6A293FE1-49CF-4ECD-8146-1F4C0F97CF67}.Release|x86.ActiveCfg = Release|Any CPU
		{6A293FE1-49CF-4ECD-8146-1F4C0F97CF67}.Release|x86.Build.0 = Release|Any CPU
		{9E4C9E17-3F79-4F6F-9C4E-1F239D2E8B2A}.Debug|Any CPU.ActiveCfg = Debug|Any CPU
		{9E4C9E17-3F79-4F6F-9C4E-1F239D2E8B2A}.Debug|Any CPU.Build.0 = Debug|Any CPU
		{9E4C9E17-3F79-4F6F-9C4E-1F239D2E8B2A}.Debug|x64.ActiveCfg = Debug|Any CPU
		{9E4C9E17-3F79-4F6F-9C4E-1F239D2E8B2A}.Debug|x64.Build.0 = Debug|Any CPU
		{9E4C9E17-3F79-4F6F-9C4E-1F239D2E8B2A}.Debug|x86.ActiveCfg = Debug|Any CPU
		{9E4C9E17-3F79-4F6F-9C4E-1F239D2E8B2A}.Debug|x86.Build.0 = Debug|Any CPU
		{9E4C9E17-3F79-4F6F-9C4E-1F239D2E8B2A}.Release|Any CPU.ActiveCfg = Release|Any CPU
		{9E4C9E17-3F79-4F6F-9C4E-1F239D2E8B2A}.Release|Any CPU.Build.0 = Release|Any CPU
		{9E4C9E17-3F79-4F6F-9C4E-1F239D2E8B2A}.Release|x64.ActiveCfg = Release|Any CPU
		{9E4C9E17-3F79-4F6F-9C4E-1F239D2E8B2A}.Release|x64.Build.0 = Release|Any CPU
		{9E4C9E17-3F79-4F6F-9C4E-1F239D2E8B2A}.Release|x86.ActiveCfg = Release|Any CPU
		{9E4C9E17-3F79-4F6F-9C4E-1F239D2E8B2A}.Release|x86.Build.0 = Release|Any CPU
	EndGlobalSection
	GlobalSection(SolutionProperties) = preSolution
		HideSolutionNode = FALSE
	EndGlobalSection
	GlobalSection(NestedProjects) = preSolution
		{B24489B6-47A2-4E91-8D91-40942BB662FE} = {827E0CD3-B72D-47B6-A68D-7590B98EB39B}
		{D1F19085-904F-4223-A0F8-B42455095E52} = {827E0CD3-B72D-47B6-A68D-7590B98EB39B}
		{29AE9FDB-21B0-4096-B136-EAC9C740B5C6} = {827E0CD3-B72D-47B6-A68D-7590B98EB39B}
		{6247C995-5F6E-4034-A414-69D9AF360B77} = {07C2787E-EAC7-C090-1BA3-A61EC2A24D84}
		{6D10AC8E-1B9C-408C-908D-D83302B01001} = {827E0CD3-B72D-47B6-A68D-7590B98EB39B}
		{661A96E8-E81B-49AB-936E-89A6BA9050E0} = {827E0CD3-B72D-47B6-A68D-7590B98EB39B}
		{C6A3CB43-8940-4884-A210-F785D85E44B9} = {827E0CD3-B72D-47B6-A68D-7590B98EB39B}
		{A3C0A5C4-9D05-4D62-8AF4-4D9ED0D8F4B2} = {827E0CD3-B72D-47B6-A68D-7590B98EB39B}
		{2839CEF6-9AA5-45D9-A35B-3DB12392D33D} = {827E0CD3-B72D-47B6-A68D-7590B98EB39B}
		{9B183F93-0C84-4C65-996F-E4D539759F8A} = {827E0CD3-B72D-47B6-A68D-7590B98EB39B}
		{B490F4BC-C76E-4B70-A35E-212E7D21D7C1} = {827E0CD3-B72D-47B6-A68D-7590B98EB39B}
		{D4A2F4F0-9A67-4E0A-A2E9-6A4C9F4A01D7} = {827E0CD3-B72D-47B6-A68D-7590B98EB39B}
		{880CB8C4-0252-4BE5-8CC6-0ACE466D0DB2} = {827E0CD3-B72D-47B6-A68D-7590B98EB39B}
		{06B9F892-5CC4-4574-BCA9-FA3AD8A849A7} = {827E0CD3-B72D-47B6-A68D-7590B98EB39B}
		{F75E7D52-2B49-4FC6-9A19-34416E6766B5} = {827E0CD3-B72D-47B6-A68D-7590B98EB39B}
		{F45B5A5D-3148-41C0-99F1-7EE2E983E58A} = {827E0CD3-B72D-47B6-A68D-7590B98EB39B}
		{FF4934AB-0DF9-4C84-81B7-054B7DCB5C5D} = {827E0CD3-B72D-47B6-A68D-7590B98EB39B}
		{F7095E1F-B20E-4717-A36B-9B187E21C535} = {827E0CD3-B72D-47B6-A68D-7590B98EB39B}
		{8B63DA06-4013-4B14-B461-221A80E0A59A} = {827E0CD3-B72D-47B6-A68D-7590B98EB39B}
		{42D024F6-F6FE-4D4A-9DD2-09465BD1E561} = {827E0CD3-B72D-47B6-A68D-7590B98EB39B}
		{5740B3B1-FF83-4C23-BF1B-51E4B97F2F3F} = {827E0CD3-B72D-47B6-A68D-7590B98EB39B}
		{683110F0-173F-4294-9C85-03628ED26AB4} = {827E0CD3-B72D-47B6-A68D-7590B98EB39B}
		{6A293FE1-49CF-4ECD-8146-1F4C0F97CF67} = {827E0CD3-B72D-47B6-A68D-7590B98EB39B}
		{9E4C9E17-3F79-4F6F-9C4E-1F239D2E8B2A} = {827E0CD3-B72D-47B6-A68D-7590B98EB39B}
	EndGlobalSection
EndGlobal
